
Microsoft Visual Studio Solution File, Format Version 12.00
# Visual Studio Version 17
VisualStudioVersion = 17.6.33815.320
MinimumVisualStudioVersion = 10.0.40219.1
Project("{9A19103F-16F7-4668-BE54-9A1E7A4F7556}") = "fibonacci", "fibonacci\fibonacci.csproj", "{95368966-D7A9-4B28-AF75-010F03C15431}"
EndProject
Project("{9A19103F-16F7-4668-BE54-9A1E7A4F7556}") = "pascal", "pascal\pascal.csproj", "{02A6B3DB-8BC2-4604-94D0-15E32CB5AAB9}"
EndProject
Project("{9A19103F-16F7-4668-BE54-9A1E7A4F7556}") = "villoogogomb", "villoogogomb\villoogogomb.csproj", "{07BEF142-8785-4718-AD1F-0F67E9C81244}"
EndProject
Project("{9A19103F-16F7-4668-BE54-9A1E7A4F7556}") = "random", "random\random.csproj", "{A0C5DB6F-4084-4C98-8BC5-9D3C48112B08}"
EndProject
Project("{9A19103F-16F7-4668-BE54-9A1E7A4F7556}") = "hajoskviz", "hajoskviz\hajoskviz.csproj", "{781E4961-DA17-4DB8-A4A9-932E1952511C}"
EndProject
Project("{FAE04EC0-301F-11D3-BF4B-00C04F79EFBC}") = "kigyos", "kigyos\kigyos.csproj", "{6B480B5D-65AD-4187-8B53-20B6D6D894E7}"
EndProject
Global
	GlobalSection(SolutionConfigurationPlatforms) = preSolution
		Debug|Any CPU = Debug|Any CPU
		Release|Any CPU = Release|Any CPU
	EndGlobalSection
	GlobalSection(ProjectConfigurationPlatforms) = postSolution
		{95368966-D7A9-4B28-AF75-010F03C15431}.Debug|Any CPU.ActiveCfg = Debug|Any CPU
		{95368966-D7A9-4B28-AF75-010F03C15431}.Debug|Any CPU.Build.0 = Debug|Any CPU
		{95368966-D7A9-4B28-AF75-010F03C15431}.Release|Any CPU.ActiveCfg = Release|Any CPU
		{95368966-D7A9-4B28-AF75-010F03C15431}.Release|Any CPU.Build.0 = Release|Any CPU
		{02A6B3DB-8BC2-4604-94D0-15E32CB5AAB9}.Debug|Any CPU.ActiveCfg = Debug|Any CPU
		{02A6B3DB-8BC2-4604-94D0-15E32CB5AAB9}.Debug|Any CPU.Build.0 = Debug|Any CPU
		{02A6B3DB-8BC2-4604-94D0-15E32CB5AAB9}.Release|Any CPU.ActiveCfg = Release|Any CPU
		{02A6B3DB-8BC2-4604-94D0-15E32CB5AAB9}.Release|Any CPU.Build.0 = Release|Any CPU
		{07BEF142-8785-4718-AD1F-0F67E9C81244}.Debug|Any CPU.ActiveCfg = Debug|Any CPU
		{07BEF142-8785-4718-AD1F-0F67E9C81244}.Debug|Any CPU.Build.0 = Debug|Any CPU
		{07BEF142-8785-4718-AD1F-0F67E9C81244}.Release|Any CPU.ActiveCfg = Release|Any CPU
		{07BEF142-8785-4718-AD1F-0F67E9C81244}.Release|Any CPU.Build.0 = Release|Any CPU
		{A0C5DB6F-4084-4C98-8BC5-9D3C48112B08}.Debug|Any CPU.ActiveCfg = Debug|Any CPU
		{A0C5DB6F-4084-4C98-8BC5-9D3C48112B08}.Debug|Any CPU.Build.0 = Debug|Any CPU
		{A0C5DB6F-4084-4C98-8BC5-9D3C48112B08}.Release|Any CPU.ActiveCfg = Release|Any CPU
		{A0C5DB6F-4084-4C98-8BC5-9D3C48112B08}.Release|Any CPU.Build.0 = Release|Any CPU
		{781E4961-DA17-4DB8-A4A9-932E1952511C}.Debug|Any CPU.ActiveCfg = Debug|Any CPU
		{781E4961-DA17-4DB8-A4A9-932E1952511C}.Debug|Any CPU.Build.0 = Debug|Any CPU
		{781E4961-DA17-4DB8-A4A9-932E1952511C}.Release|Any CPU.ActiveCfg = Release|Any CPU
		{781E4961-DA17-4DB8-A4A9-932E1952511C}.Release|Any CPU.Build.0 = Release|Any CPU
		{6B480B5D-65AD-4187-8B53-20B6D6D894E7}.Debug|Any CPU.ActiveCfg = Debug|Any CPU
		{6B480B5D-65AD-4187-8B53-20B6D6D894E7}.Debug|Any CPU.Build.0 = Debug|Any CPU
		{6B480B5D-65AD-4187-8B53-20B6D6D894E7}.Release|Any CPU.ActiveCfg = Release|Any CPU
		{6B480B5D-65AD-4187-8B53-20B6D6D894E7}.Release|Any CPU.Build.0 = Release|Any CPU
	EndGlobalSection
	GlobalSection(SolutionProperties) = preSolution
		HideSolutionNode = FALSE
	EndGlobalSection
	GlobalSection(ExtensibilityGlobals) = postSolution
		SolutionGuid = {40A8893F-9A1C-42BA-9561-D3CAC690BE49}
	EndGlobalSection
EndGlobal
