
Microsoft Visual Studio Solution File, Format Version 12.00
# Visual Studio Version 17
VisualStudioVersion = 17.6.33815.320
MinimumVisualStudioVersion = 10.0.40219.1
Project("{9A19103F-16F7-4668-BE54-9A1E7A4F7556}") = "fibonacci", "fibonacci\fibonacci.csproj", "{95368966-D7A9-4B28-AF75-010F03C15431}"
EndProject
Project("{FAE04EC0-301F-11D3-BF4B-00C04F79EFBC}") = "pascal", "pascal\pascal.csproj", "{02A6B3DB-8BC2-4604-94D0-15E32CB5AAB9}"
EndProject
Global
	GlobalSection(SolutionConfigurationPlatforms) = preSolution
		Debug|Any CPU = Debug|Any CPU
		Release|Any CPU = Release|Any CPU
	EndGlobalSection
	GlobalSection(ProjectConfigurationPlatforms) = postSolution
		{95368966-D7A9-4B28-AF75-010F03C15431}.Debug|Any CPU.ActiveCfg = Debug|Any CPU
		{95368966-D7A9-4B28-AF75-010F03C15431}.Debug|Any CPU.Build.0 = Debug|Any CPU
		{95368966-D7A9-4B28-AF75-010F03C15431}.Release|Any CPU.ActiveCfg = Release|Any CPU
		{95368966-D7A9-4B28-AF75-010F03C15431}.Release|Any CPU.Build.0 = Release|Any CPU
		{02A6B3DB-8BC2-4604-94D0-15E32CB5AAB9}.Debug|Any CPU.ActiveCfg = Debug|Any CPU
		{02A6B3DB-8BC2-4604-94D0-15E32CB5AAB9}.Debug|Any CPU.Build.0 = Debug|Any CPU
		{02A6B3DB-8BC2-4604-94D0-15E32CB5AAB9}.Release|Any CPU.ActiveCfg = Release|Any CPU
		{02A6B3DB-8BC2-4604-94D0-15E32CB5AAB9}.Release|Any CPU.Build.0 = Release|Any CPU
	EndGlobalSection
	GlobalSection(SolutionProperties) = preSolution
		HideSolutionNode = FALSE
	EndGlobalSection
	GlobalSection(ExtensibilityGlobals) = postSolution
		SolutionGuid = {40A8893F-9A1C-42BA-9561-D3CAC690BE49}
	EndGlobalSection
EndGlobal
