
Microsoft Visual Studio Solution File, Format Version 12.00
# Visual Studio Version 17
VisualStudioVersion = 17.9.34622.214
MinimumVisualStudioVersion = 10.0.40219.1
Project("{9A19103F-16F7-4668-BE54-9A1E7A4F7556}") = "Eletjatek", "Eletjatek\Eletjatek.csproj", "{AC4CA3DB-7502-4F61-9B4B-B6289F084BBA}"
EndProject
Project("{9A19103F-16F7-4668-BE54-9A1E7A4F7556}") = "E", "E\E.csproj", "{731A788D-46F4-4BCC-A287-3F1EF2DB5764}"
EndProject
Project("{FAE04EC0-301F-11D3-BF4B-00C04F79EFBC}") = "Eletjatek2", "Eletjatek2\Eletjatek2.csproj", "{B802E4E3-4A92-46B1-A9ED-C8FD2B0F32AF}"
EndProject
Global
	GlobalSection(SolutionConfigurationPlatforms) = preSolution
		Debug|Any CPU = Debug|Any CPU
		Release|Any CPU = Release|Any CPU
	EndGlobalSection
	GlobalSection(ProjectConfigurationPlatforms) = postSolution
		{AC4CA3DB-7502-4F61-9B4B-B6289F084BBA}.Debug|Any CPU.ActiveCfg = Debug|Any CPU
		{AC4CA3DB-7502-4F61-9B4B-B6289F084BBA}.Debug|Any CPU.Build.0 = Debug|Any CPU
		{AC4CA3DB-7502-4F61-9B4B-B6289F084BBA}.Release|Any CPU.ActiveCfg = Release|Any CPU
		{AC4CA3DB-7502-4F61-9B4B-B6289F084BBA}.Release|Any CPU.Build.0 = Release|Any CPU
		{731A788D-46F4-4BCC-A287-3F1EF2DB5764}.Debug|Any CPU.ActiveCfg = Debug|Any CPU
		{731A788D-46F4-4BCC-A287-3F1EF2DB5764}.Debug|Any CPU.Build.0 = Debug|Any CPU
		{731A788D-46F4-4BCC-A287-3F1EF2DB5764}.Release|Any CPU.ActiveCfg = Release|Any CPU
		{731A788D-46F4-4BCC-A287-3F1EF2DB5764}.Release|Any CPU.Build.0 = Release|Any CPU
		{B802E4E3-4A92-46B1-A9ED-C8FD2B0F32AF}.Debug|Any CPU.ActiveCfg = Debug|Any CPU
		{B802E4E3-4A92-46B1-A9ED-C8FD2B0F32AF}.Debug|Any CPU.Build.0 = Debug|Any CPU
		{B802E4E3-4A92-46B1-A9ED-C8FD2B0F32AF}.Release|Any CPU.ActiveCfg = Release|Any CPU
		{B802E4E3-4A92-46B1-A9ED-C8FD2B0F32AF}.Release|Any CPU.Build.0 = Release|Any CPU
	EndGlobalSection
	GlobalSection(SolutionProperties) = preSolution
		HideSolutionNode = FALSE
	EndGlobalSection
	GlobalSection(ExtensibilityGlobals) = postSolution
		SolutionGuid = {29ED4E1E-6C15-4881-838D-BB75711FF41B}
	EndGlobalSection
EndGlobal
